
Microsoft Visual Studio Solution File, Format Version 12.00
# Visual Studio 15
VisualStudioVersion = 15.0.28307.421
MinimumVisualStudioVersion = 10.0.40219.1
Project("{FAE04EC0-301F-11D3-BF4B-00C04F79EFBC}") = "Caro", "Caro\Caro.csproj", "{EE4FD931-33B9-4FE4-9704-804C68419B1B}"
EndProject
Global
	GlobalSection(SolutionConfigurationPlatforms) = preSolution
		Debug|Any CPU = Debug|Any CPU
		Release|Any CPU = Release|Any CPU
	EndGlobalSection
	GlobalSection(ProjectConfigurationPlatforms) = postSolution
		{EE4FD931-33B9-4FE4-9704-804C68419B1B}.Debug|Any CPU.ActiveCfg = Debug|Any CPU
		{EE4FD931-33B9-4FE4-9704-804C68419B1B}.Debug|Any CPU.Build.0 = Debug|Any CPU
		{EE4FD931-33B9-4FE4-9704-804C68419B1B}.Release|Any CPU.ActiveCfg = Release|Any CPU
		{EE4FD931-33B9-4FE4-9704-804C68419B1B}.Release|Any CPU.Build.0 = Release|Any CPU
	EndGlobalSection
	GlobalSection(SolutionProperties) = preSolution
		HideSolutionNode = FALSE
	EndGlobalSection
	GlobalSection(ExtensibilityGlobals) = postSolution
		SolutionGuid = {93A4B325-6AFC-4F9C-9732-A9F535AD94B9}
	EndGlobalSection
EndGlobal
